
Microsoft Visual Studio Solution File, Format Version 12.00
# Visual Studio Version 16
VisualStudioVersion = 16.0.30413.136
MinimumVisualStudioVersion = 10.0.40219.1
Project("{9A19103F-16F7-4668-BE54-9A1E7A4F7556}") = "BetterINI", "BetterINI\BetterINI.csproj", "{DADADF15-1691-4A95-8DCA-E5B5C01A0369}"
EndProject
Global
	GlobalSection(SolutionConfigurationPlatforms) = preSolution
		Debug|Any CPU = Debug|Any CPU
		Release|Any CPU = Release|Any CPU
	EndGlobalSection
	GlobalSection(ProjectConfigurationPlatforms) = postSolution
		{DADADF15-1691-4A95-8DCA-E5B5C01A0369}.Debug|Any CPU.ActiveCfg = Debug|Any CPU
		{DADADF15-1691-4A95-8DCA-E5B5C01A0369}.Debug|Any CPU.Build.0 = Debug|Any CPU
		{DADADF15-1691-4A95-8DCA-E5B5C01A0369}.Release|Any CPU.ActiveCfg = Release|Any CPU
		{DADADF15-1691-4A95-8DCA-E5B5C01A0369}.Release|Any CPU.Build.0 = Release|Any CPU
	EndGlobalSection
	GlobalSection(SolutionProperties) = preSolution
		HideSolutionNode = FALSE
	EndGlobalSection
	GlobalSection(ExtensibilityGlobals) = postSolution
		SolutionGuid = {7F67EBC8-2E0D-42DD-B29E-713C409CF539}
	EndGlobalSection
EndGlobal
